
Microsoft Visual Studio Solution File, Format Version 12.00
# Visual Studio 15
Project("{FAE04EC0-301F-11D3-BF4B-00C04F79EFBC}") = "Assembly-CSharp", "Assembly-CSharp.csproj", "{30566DAD-1A44-B93B-566A-AE4B00A261E8}"
EndProject
Project("{FAE04EC0-301F-11D3-BF4B-00C04F79EFBC}") = "GoogleMobileAds", "GoogleMobileAds.csproj", "{C9FAC047-C9A6-AEA4-641F-5BCE0884BCA2}"
EndProject
Project("{FAE04EC0-301F-11D3-BF4B-00C04F79EFBC}") = "GoogleMobileAds.Editor", "GoogleMobileAds.Editor.csproj", "{D0D72DAB-C5B1-6DE1-6EE9-B776F93E2F20}"
EndProject
Global
	GlobalSection(SolutionConfigurationPlatforms) = preSolution
		Debug|Any CPU = Debug|Any CPU
		Release|Any CPU = Release|Any CPU
	EndGlobalSection
	GlobalSection(ProjectConfigurationPlatforms) = postSolution
		{30566DAD-1A44-B93B-566A-AE4B00A261E8}.Debug|Any CPU.ActiveCfg = Debug|Any CPU
		{30566DAD-1A44-B93B-566A-AE4B00A261E8}.Debug|Any CPU.Build.0 = Debug|Any CPU
		{30566DAD-1A44-B93B-566A-AE4B00A261E8}.Release|Any CPU.ActiveCfg = Release|Any CPU
		{30566DAD-1A44-B93B-566A-AE4B00A261E8}.Release|Any CPU.Build.0 = Release|Any CPU
		{C9FAC047-C9A6-AEA4-641F-5BCE0884BCA2}.Debug|Any CPU.ActiveCfg = Debug|Any CPU
		{C9FAC047-C9A6-AEA4-641F-5BCE0884BCA2}.Debug|Any CPU.Build.0 = Debug|Any CPU
		{C9FAC047-C9A6-AEA4-641F-5BCE0884BCA2}.Release|Any CPU.ActiveCfg = Release|Any CPU
		{C9FAC047-C9A6-AEA4-641F-5BCE0884BCA2}.Release|Any CPU.Build.0 = Release|Any CPU
		{D0D72DAB-C5B1-6DE1-6EE9-B776F93E2F20}.Debug|Any CPU.ActiveCfg = Debug|Any CPU
		{D0D72DAB-C5B1-6DE1-6EE9-B776F93E2F20}.Debug|Any CPU.Build.0 = Debug|Any CPU
		{D0D72DAB-C5B1-6DE1-6EE9-B776F93E2F20}.Release|Any CPU.ActiveCfg = Release|Any CPU
		{D0D72DAB-C5B1-6DE1-6EE9-B776F93E2F20}.Release|Any CPU.Build.0 = Release|Any CPU
	EndGlobalSection
	GlobalSection(SolutionProperties) = preSolution
		HideSolutionNode = FALSE
	EndGlobalSection
EndGlobal
